
Microsoft Visual Studio Solution File, Format Version 12.00
# Visual Studio 2013
VisualStudioVersion = 12.0.21005.1
MinimumVisualStudioVersion = 10.0.40219.1
Project("{FAE04EC0-301F-11D3-BF4B-00C04F79EFBC}") = "SkinDesigner", "SkinDesigner\SkinDesigner.csproj", "{A1564AAC-C9BC-4A2D-8856-2E12F79939DB}"
EndProject
Project("{FAE04EC0-301F-11D3-BF4B-00C04F79EFBC}") = "PlayerUI", "PlayerUI\PlayerUI.csproj", "{D96D4FD6-C8F0-4481-86E3-93DE761E77F8}"
EndProject
Project("{FAE04EC0-301F-11D3-BF4B-00C04F79EFBC}") = "MusicPlayer", "MusicPlayer\MusicPlayer.csproj", "{29A9B304-63B3-4542-84E0-3735332CB71B}"
EndProject
Global
	GlobalSection(SolutionConfigurationPlatforms) = preSolution
		Debug|Any CPU = Debug|Any CPU
		Release|Any CPU = Release|Any CPU
	EndGlobalSection
	GlobalSection(ProjectConfigurationPlatforms) = postSolution
		{A1564AAC-C9BC-4A2D-8856-2E12F79939DB}.Debug|Any CPU.ActiveCfg = Debug|Any CPU
		{A1564AAC-C9BC-4A2D-8856-2E12F79939DB}.Debug|Any CPU.Build.0 = Debug|Any CPU
		{A1564AAC-C9BC-4A2D-8856-2E12F79939DB}.Release|Any CPU.ActiveCfg = Release|Any CPU
		{A1564AAC-C9BC-4A2D-8856-2E12F79939DB}.Release|Any CPU.Build.0 = Release|Any CPU
		{D96D4FD6-C8F0-4481-86E3-93DE761E77F8}.Debug|Any CPU.ActiveCfg = Debug|Any CPU
		{D96D4FD6-C8F0-4481-86E3-93DE761E77F8}.Debug|Any CPU.Build.0 = Debug|Any CPU
		{D96D4FD6-C8F0-4481-86E3-93DE761E77F8}.Release|Any CPU.ActiveCfg = Release|Any CPU
		{D96D4FD6-C8F0-4481-86E3-93DE761E77F8}.Release|Any CPU.Build.0 = Release|Any CPU
		{29A9B304-63B3-4542-84E0-3735332CB71B}.Debug|Any CPU.ActiveCfg = Debug|Any CPU
		{29A9B304-63B3-4542-84E0-3735332CB71B}.Debug|Any CPU.Build.0 = Debug|Any CPU
		{29A9B304-63B3-4542-84E0-3735332CB71B}.Release|Any CPU.ActiveCfg = Release|Any CPU
		{29A9B304-63B3-4542-84E0-3735332CB71B}.Release|Any CPU.Build.0 = Release|Any CPU
	EndGlobalSection
	GlobalSection(SolutionProperties) = preSolution
		HideSolutionNode = FALSE
	EndGlobalSection
EndGlobal
