
Microsoft Visual Studio Solution File, Format Version 12.00
# Visual Studio 2013
VisualStudioVersion = 12.0.21005.1
MinimumVisualStudioVersion = 10.0.40219.1
Project("{FAE04EC0-301F-11D3-BF4B-00C04F79EFBC}") = "UnusefulPlayer", "UnusefulPlayer\UnusefulPlayer.csproj", "{A1564AAC-C9BC-4A2D-8856-2E12F79939DB}"
EndProject
Global
	GlobalSection(SolutionConfigurationPlatforms) = preSolution
		Debug|Any CPU = Debug|Any CPU
		Release|Any CPU = Release|Any CPU
	EndGlobalSection
	GlobalSection(ProjectConfigurationPlatforms) = postSolution
		{A1564AAC-C9BC-4A2D-8856-2E12F79939DB}.Debug|Any CPU.ActiveCfg = Debug|Any CPU
		{A1564AAC-C9BC-4A2D-8856-2E12F79939DB}.Debug|Any CPU.Build.0 = Debug|Any CPU
		{A1564AAC-C9BC-4A2D-8856-2E12F79939DB}.Release|Any CPU.ActiveCfg = Release|Any CPU
		{A1564AAC-C9BC-4A2D-8856-2E12F79939DB}.Release|Any CPU.Build.0 = Release|Any CPU
	EndGlobalSection
	GlobalSection(SolutionProperties) = preSolution
		HideSolutionNode = FALSE
	EndGlobalSection
EndGlobal
